// !$*UTF8*$!
{
	archiveVersion = 1;
	classes = {
	};
	objectVersion = 55;
	objects = {

/* Begin PBXBuildFile section */
		5075D4CD2796754A0056EC4B /* AppDelegate.swift in Sources */ = {isa = PBXBuildFile; fileRef = 5075D4CC2796754A0056EC4B /* AppDelegate.swift */; };
		5075D4CF2796754A0056EC4B /* SceneDelegate.swift in Sources */ = {isa = PBXBuildFile; fileRef = 5075D4CE2796754A0056EC4B /* SceneDelegate.swift */; };
		5075D4D12796754A0056EC4B /* ItemListViewController.swift in Sources */ = {isa = PBXBuildFile; fileRef = 5075D4D02796754A0056EC4B /* ItemListViewController.swift */; };
		5075D4D62796754C0056EC4B /* Assets.xcassets in Resources */ = {isa = PBXBuildFile; fileRef = 5075D4D52796754C0056EC4B /* Assets.xcassets */; };
		5075D4D92796754C0056EC4B /* LaunchScreen.storyboard in Resources */ = {isa = PBXBuildFile; fileRef = 5075D4D72796754C0056EC4B /* LaunchScreen.storyboard */; };
		5075D4E42796754C0056EC4B /* MutipleCellTests.swift in Sources */ = {isa = PBXBuildFile; fileRef = 5075D4E32796754C0056EC4B /* MutipleCellTests.swift */; };
		5075D50E2796B0050056EC4B /* ItemListViewModel.swift in Sources */ = {isa = PBXBuildFile; fileRef = 5075D50D2796B0050056EC4B /* ItemListViewModel.swift */; };
		5075D5112796B0170056EC4B /* ItemModel.swift in Sources */ = {isa = PBXBuildFile; fileRef = 5075D5102796B0170056EC4B /* ItemModel.swift */; };
		5075D5142796B2120056EC4B /* ItemListRepository.swift in Sources */ = {isa = PBXBuildFile; fileRef = 5075D5132796B2120056EC4B /* ItemListRepository.swift */; };
		5075D5162796B2580056EC4B /* ItemModelMapper.swift in Sources */ = {isa = PBXBuildFile; fileRef = 5075D5152796B2580056EC4B /* ItemModelMapper.swift */; };
		5075D5192796B2D50056EC4B /* ItemCell.swift in Sources */ = {isa = PBXBuildFile; fileRef = 5075D5182796B2D50056EC4B /* ItemCell.swift */; };
/* End PBXBuildFile section */

/* Begin PBXContainerItemProxy section */
		5075D4E02796754C0056EC4B /* PBXContainerItemProxy */ = {
			isa = PBXContainerItemProxy;
			containerPortal = 5075D4C12796754A0056EC4B /* Project object */;
			proxyType = 1;
			remoteGlobalIDString = 5075D4C82796754A0056EC4B;
			remoteInfo = MutipleCell;
		};
/* End PBXContainerItemProxy section */

/* Begin PBXFileReference section */
		5075D4C92796754A0056EC4B /* MutipleCell.app */ = {isa = PBXFileReference; explicitFileType = wrapper.application; includeInIndex = 0; path = MutipleCell.app; sourceTree = BUILT_PRODUCTS_DIR; };
		5075D4CC2796754A0056EC4B /* AppDelegate.swift */ = {isa = PBXFileReference; lastKnownFileType = sourcecode.swift; path = AppDelegate.swift; sourceTree = "<group>"; };
		5075D4CE2796754A0056EC4B /* SceneDelegate.swift */ = {isa = PBXFileReference; lastKnownFileType = sourcecode.swift; path = SceneDelegate.swift; sourceTree = "<group>"; };
		5075D4D02796754A0056EC4B /* ItemListViewController.swift */ = {isa = PBXFileReference; lastKnownFileType = sourcecode.swift; path = ItemListViewController.swift; sourceTree = "<group>"; };
		5075D4D52796754C0056EC4B /* Assets.xcassets */ = {isa = PBXFileReference; lastKnownFileType = folder.assetcatalog; path = Assets.xcassets; sourceTree = "<group>"; };
		5075D4D82796754C0056EC4B /* Base */ = {isa = PBXFileReference; lastKnownFileType = file.storyboard; name = Base; path = Base.lproj/LaunchScreen.storyboard; sourceTree = "<group>"; };
		5075D4DA2796754C0056EC4B /* Info.plist */ = {isa = PBXFileReference; lastKnownFileType = text.plist.xml; path = Info.plist; sourceTree = "<group>"; };
		5075D4DF2796754C0056EC4B /* MutipleCellTests.xctest */ = {isa = PBXFileReference; explicitFileType = wrapper.cfbundle; includeInIndex = 0; path = MutipleCellTests.xctest; sourceTree = BUILT_PRODUCTS_DIR; };
		5075D4E32796754C0056EC4B /* MutipleCellTests.swift */ = {isa = PBXFileReference; lastKnownFileType = sourcecode.swift; path = MutipleCellTests.swift; sourceTree = "<group>"; };
		5075D50D2796B0050056EC4B /* ItemListViewModel.swift */ = {isa = PBXFileReference; lastKnownFileType = sourcecode.swift; path = ItemListViewModel.swift; sourceTree = "<group>"; };
		5075D5102796B0170056EC4B /* ItemModel.swift */ = {isa = PBXFileReference; lastKnownFileType = sourcecode.swift; path = ItemModel.swift; sourceTree = "<group>"; };
		5075D5132796B2120056EC4B /* ItemListRepository.swift */ = {isa = PBXFileReference; lastKnownFileType = sourcecode.swift; path = ItemListRepository.swift; sourceTree = "<group>"; };
		5075D5152796B2580056EC4B /* ItemModelMapper.swift */ = {isa = PBXFileReference; lastKnownFileType = sourcecode.swift; path = ItemModelMapper.swift; sourceTree = "<group>"; };
		5075D5182796B2D50056EC4B /* ItemCell.swift */ = {isa = PBXFileReference; lastKnownFileType = sourcecode.swift; path = ItemCell.swift; sourceTree = "<group>"; };
/* End PBXFileReference section */

/* Begin PBXFrameworksBuildPhase section */
		5075D4C62796754A0056EC4B /* Frameworks */ = {
			isa = PBXFrameworksBuildPhase;
			buildActionMask = 2147483647;
			files = (
			);
			runOnlyForDeploymentPostprocessing = 0;
		};
		5075D4DC2796754C0056EC4B /* Frameworks */ = {
			isa = PBXFrameworksBuildPhase;
			buildActionMask = 2147483647;
			files = (
			);
			runOnlyForDeploymentPostprocessing = 0;
		};
/* End PBXFrameworksBuildPhase section */

/* Begin PBXGroup section */
		5075D4C02796754A0056EC4B = {
			isa = PBXGroup;
			children = (
				5075D4CB2796754A0056EC4B /* MutipleCell */,
				5075D4E22796754C0056EC4B /* MutipleCellTests */,
				5075D4CA2796754A0056EC4B /* Products */,
			);
			sourceTree = "<group>";
		};
		5075D4CA2796754A0056EC4B /* Products */ = {
			isa = PBXGroup;
			children = (
				5075D4C92796754A0056EC4B /* MutipleCell.app */,
				5075D4DF2796754C0056EC4B /* MutipleCellTests.xctest */,
			);
			name = Products;
			sourceTree = "<group>";
		};
		5075D4CB2796754A0056EC4B /* MutipleCell */ = {
			isa = PBXGroup;
			children = (
				5075D4CC2796754A0056EC4B /* AppDelegate.swift */,
				5075D4CE2796754A0056EC4B /* SceneDelegate.swift */,
				5075D5122796B0380056EC4B /* Repository */,
				5075D50F2796B00F0056EC4B /* Model */,
				5075D50B2796AFCE0056EC4B /* View */,
				5075D50C2796AFE60056EC4B /* ViewModel */,
				5075D4D52796754C0056EC4B /* Assets.xcassets */,
				5075D4D72796754C0056EC4B /* LaunchScreen.storyboard */,
				5075D4DA2796754C0056EC4B /* Info.plist */,
			);
			path = MutipleCell;
			sourceTree = "<group>";
		};
		5075D4E22796754C0056EC4B /* MutipleCellTests */ = {
			isa = PBXGroup;
			children = (
				5075D4E32796754C0056EC4B /* MutipleCellTests.swift */,
			);
			path = MutipleCellTests;
			sourceTree = "<group>";
		};
		5075D50B2796AFCE0056EC4B /* View */ = {
			isa = PBXGroup;
			children = (
				5075D4D02796754A0056EC4B /* ItemListViewController.swift */,
				5075D5172796B2C40056EC4B /* Cells */,
			);
			name = View;
			sourceTree = "<group>";
		};
		5075D50C2796AFE60056EC4B /* ViewModel */ = {
			isa = PBXGroup;
			children = (
				5075D50D2796B0050056EC4B /* ItemListViewModel.swift */,
			);
			name = ViewModel;
			sourceTree = "<group>";
		};
		5075D50F2796B00F0056EC4B /* Model */ = {
			isa = PBXGroup;
			children = (
				5075D5102796B0170056EC4B /* ItemModel.swift */,
			);
			name = Model;
			sourceTree = "<group>";
		};
		5075D5122796B0380056EC4B /* Repository */ = {
			isa = PBXGroup;
			children = (
				5075D5132796B2120056EC4B /* ItemListRepository.swift */,
				5075D5152796B2580056EC4B /* ItemModelMapper.swift */,
			);
			name = Repository;
			sourceTree = "<group>";
		};
		5075D5172796B2C40056EC4B /* Cells */ = {
			isa = PBXGroup;
			children = (
				5075D5182796B2D50056EC4B /* ItemCell.swift */,
			);
			name = Cells;
			sourceTree = "<group>";
		};
/* End PBXGroup section */

/* Begin PBXNativeTarget section */
		5075D4C82796754A0056EC4B /* MutipleCell */ = {
			isa = PBXNativeTarget;
			buildConfigurationList = 5075D4F32796754C0056EC4B /* Build configuration list for PBXNativeTarget "MutipleCell" */;
			buildPhases = (
				5075D4C52796754A0056EC4B /* Sources */,
				5075D4C62796754A0056EC4B /* Frameworks */,
				5075D4C72796754A0056EC4B /* Resources */,
			);
			buildRules = (
			);
			dependencies = (
			);
			name = MutipleCell;
			productName = MutipleCell;
			productReference = 5075D4C92796754A0056EC4B /* MutipleCell.app */;
			productType = "com.apple.product-type.application";
		};
		5075D4DE2796754C0056EC4B /* MutipleCellTests */ = {
			isa = PBXNativeTarget;
			buildConfigurationList = 5075D4F62796754C0056EC4B /* Build configuration list for PBXNativeTarget "MutipleCellTests" */;
			buildPhases = (
				5075D4DB2796754C0056EC4B /* Sources */,
				5075D4DC2796754C0056EC4B /* Frameworks */,
				5075D4DD2796754C0056EC4B /* Resources */,
			);
			buildRules = (
			);
			dependencies = (
				5075D4E12796754C0056EC4B /* PBXTargetDependency */,
			);
			name = MutipleCellTests;
			productName = MutipleCellTests;
			productReference = 5075D4DF2796754C0056EC4B /* MutipleCellTests.xctest */;
			productType = "com.apple.product-type.bundle.unit-test";
		};
/* End PBXNativeTarget section */

/* Begin PBXProject section */
		5075D4C12796754A0056EC4B /* Project object */ = {
			isa = PBXProject;
			attributes = {
				BuildIndependentTargetsInParallel = 1;
				LastSwiftUpdateCheck = 1310;
				LastUpgradeCheck = 1310;
				TargetAttributes = {
					5075D4C82796754A0056EC4B = {
						CreatedOnToolsVersion = 13.1;
					};
					5075D4DE2796754C0056EC4B = {
						CreatedOnToolsVersion = 13.1;
						TestTargetID = 5075D4C82796754A0056EC4B;
					};
				};
			};
			buildConfigurationList = 5075D4C42796754A0056EC4B /* Build configuration list for PBXProject "MutipleCell" */;
			compatibilityVersion = "Xcode 13.0";
			developmentRegion = en;
			hasScannedForEncodings = 0;
			knownRegions = (
				en,
				Base,
			);
			mainGroup = 5075D4C02796754A0056EC4B;
			productRefGroup = 5075D4CA2796754A0056EC4B /* Products */;
			projectDirPath = "";
			projectRoot = "";
			targets = (
				5075D4C82796754A0056EC4B /* MutipleCell */,
				5075D4DE2796754C0056EC4B /* MutipleCellTests */,
			);
		};
/* End PBXProject section */

/* Begin PBXResourcesBuildPhase section */
		5075D4C72796754A0056EC4B /* Resources */ = {
			isa = PBXResourcesBuildPhase;
			buildActionMask = 2147483647;
			files = (
				5075D4D92796754C0056EC4B /* LaunchScreen.storyboard in Resources */,
				5075D4D62796754C0056EC4B /* Assets.xcassets in Resources */,
			);
			runOnlyForDeploymentPostprocessing = 0;
		};
		5075D4DD2796754C0056EC4B /* Resources */ = {
			isa = PBXResourcesBuildPhase;
			buildActionMask = 2147483647;
			files = (
			);
			runOnlyForDeploymentPostprocessing = 0;
		};
/* End PBXResourcesBuildPhase section */

/* Begin PBXSourcesBuildPhase section */
		5075D4C52796754A0056EC4B /* Sources */ = {
			isa = PBXSourcesBuildPhase;
			buildActionMask = 2147483647;
			files = (
				5075D5192796B2D50056EC4B /* ItemCell.swift in Sources */,
				5075D5142796B2120056EC4B /* ItemListRepository.swift in Sources */,
				5075D5112796B0170056EC4B /* ItemModel.swift in Sources */,
				5075D5162796B2580056EC4B /* ItemModelMapper.swift in Sources */,
				5075D4D12796754A0056EC4B /* ItemListViewController.swift in Sources */,
				5075D50E2796B0050056EC4B /* ItemListViewModel.swift in Sources */,
				5075D4CD2796754A0056EC4B /* AppDelegate.swift in Sources */,
				5075D4CF2796754A0056EC4B /* SceneDelegate.swift in Sources */,
			);
			runOnlyForDeploymentPostprocessing = 0;
		};
		5075D4DB2796754C0056EC4B /* Sources */ = {
			isa = PBXSourcesBuildPhase;
			buildActionMask = 2147483647;
			files = (
				5075D4E42796754C0056EC4B /* MutipleCellTests.swift in Sources */,
			);
			runOnlyForDeploymentPostprocessing = 0;
		};
/* End PBXSourcesBuildPhase section */

/* Begin PBXTargetDependency section */
		5075D4E12796754C0056EC4B /* PBXTargetDependency */ = {
			isa = PBXTargetDependency;
			target = 5075D4C82796754A0056EC4B /* MutipleCell */;
			targetProxy = 5075D4E02796754C0056EC4B /* PBXContainerItemProxy */;
		};
/* End PBXTargetDependency section */

/* Begin PBXVariantGroup section */
		5075D4D72796754C0056EC4B /* LaunchScreen.storyboard */ = {
			isa = PBXVariantGroup;
			children = (
				5075D4D82796754C0056EC4B /* Base */,
			);
			name = LaunchScreen.storyboard;
			sourceTree = "<group>";
		};
/* End PBXVariantGroup section */

/* Begin XCBuildConfiguration section */
		5075D4F12796754C0056EC4B /* Debug */ = {
			isa = XCBuildConfiguration;
			buildSettings = {
				ALWAYS_SEARCH_USER_PATHS = NO;
				CLANG_ANALYZER_NONNULL = YES;
				CLANG_ANALYZER_NUMBER_OBJECT_CONVERSION = YES_AGGRESSIVE;
				CLANG_CXX_LANGUAGE_STANDARD = "gnu++17";
				CLANG_CXX_LIBRARY = "libc++";
				CLANG_ENABLE_MODULES = YES;
				CLANG_ENABLE_OBJC_ARC = YES;
				CLANG_ENABLE_OBJC_WEAK = YES;
				CLANG_WARN_BLOCK_CAPTURE_AUTORELEASING = YES;
				CLANG_WARN_BOOL_CONVERSION = YES;
				CLANG_WARN_COMMA = YES;
				CLANG_WARN_CONSTANT_CONVERSION = YES;
				CLANG_WARN_DEPRECATED_OBJC_IMPLEMENTATIONS = YES;
				CLANG_WARN_DIRECT_OBJC_ISA_USAGE = YES_ERROR;
				CLANG_WARN_DOCUMENTATION_COMMENTS = YES;
				CLANG_WARN_EMPTY_BODY = YES;
				CLANG_WARN_ENUM_CONVERSION = YES;
				CLANG_WARN_INFINITE_RECURSION = YES;
				CLANG_WARN_INT_CONVERSION = YES;
				CLANG_WARN_NON_LITERAL_NULL_CONVERSION = YES;
				CLANG_WARN_OBJC_IMPLICIT_RETAIN_SELF = YES;
				CLANG_WARN_OBJC_LITERAL_CONVERSION = YES;
				CLANG_WARN_OBJC_ROOT_CLASS = YES_ERROR;
				CLANG_WARN_QUOTED_INCLUDE_IN_FRAMEWORK_HEADER = YES;
				CLANG_WARN_RANGE_LOOP_ANALYSIS = YES;
				CLANG_WARN_STRICT_PROTOTYPES = YES;
				CLANG_WARN_SUSPICIOUS_MOVE = YES;
				CLANG_WARN_UNGUARDED_AVAILABILITY = YES_AGGRESSIVE;
				CLANG_WARN_UNREACHABLE_CODE = YES;
				CLANG_WARN__DUPLICATE_METHOD_MATCH = YES;
				COPY_PHASE_STRIP = NO;
				DEBUG_INFORMATION_FORMAT = dwarf;
				ENABLE_STRICT_OBJC_MSGSEND = YES;
				ENABLE_TESTABILITY = YES;
				GCC_C_LANGUAGE_STANDARD = gnu11;
				GCC_DYNAMIC_NO_PIC = NO;
				GCC_NO_COMMON_BLOCKS = YES;
				GCC_OPTIMIZATION_LEVEL = 0;
				GCC_PREPROCESSOR_DEFINITIONS = (
					"DEBUG=1",
					"$(inherited)",
				);
				GCC_WARN_64_TO_32_BIT_CONVERSION = YES;
				GCC_WARN_ABOUT_RETURN_TYPE = YES_ERROR;
				GCC_WARN_UNDECLARED_SELECTOR = YES;
				GCC_WARN_UNINITIALIZED_AUTOS = YES_AGGRESSIVE;
				GCC_WARN_UNUSED_FUNCTION = YES;
				GCC_WARN_UNUSED_VARIABLE = YES;
				IPHONEOS_DEPLOYMENT_TARGET = 15.0;
				MTL_ENABLE_DEBUG_INFO = INCLUDE_SOURCE;
				MTL_FAST_MATH = YES;
				ONLY_ACTIVE_ARCH = YES;
				SDKROOT = iphoneos;
				SWIFT_ACTIVE_COMPILATION_CONDITIONS = DEBUG;
				SWIFT_OPTIMIZATION_LEVEL = "-Onone";
			};
			name = Debug;
		};
		5075D4F22796754C0056EC4B /* Release */ = {
			isa = XCBuildConfiguration;
			buildSettings = {
				ALWAYS_SEARCH_USER_PATHS = NO;
				CLANG_ANALYZER_NONNULL = YES;
				CLANG_ANALYZER_NUMBER_OBJECT_CONVERSION = YES_AGGRESSIVE;
				CLANG_CXX_LANGUAGE_STANDARD = "gnu++17";
				CLANG_CXX_LIBRARY = "libc++";
				CLANG_ENABLE_MODULES = YES;
				CLANG_ENABLE_OBJC_ARC = YES;
				CLANG_ENABLE_OBJC_WEAK = YES;
				CLANG_WARN_BLOCK_CAPTURE_AUTORELEASING = YES;
				CLANG_WARN_BOOL_CONVERSION = YES;
				CLANG_WARN_COMMA = YES;
				CLANG_WARN_CONSTANT_CONVERSION = YES;
				CLANG_WARN_DEPRECATED_OBJC_IMPLEMENTATIONS = YES;
				CLANG_WARN_DIRECT_OBJC_ISA_USAGE = YES_ERROR;
				CLANG_WARN_DOCUMENTATION_COMMENTS = YES;
				CLANG_WARN_EMPTY_BODY = YES;
				CLANG_WARN_ENUM_CONVERSION = YES;
				CLANG_WARN_INFINITE_RECURSION = YES;
				CLANG_WARN_INT_CONVERSION = YES;
				CLANG_WARN_NON_LITERAL_NULL_CONVERSION = YES;
				CLANG_WARN_OBJC_IMPLICIT_RETAIN_SELF = YES;
				CLANG_WARN_OBJC_LITERAL_CONVERSION = YES;
				CLANG_WARN_OBJC_ROOT_CLASS = YES_ERROR;
				CLANG_WARN_QUOTED_INCLUDE_IN_FRAMEWORK_HEADER = YES;
				CLANG_WARN_RANGE_LOOP_ANALYSIS = YES;
				CLANG_WARN_STRICT_PROTOTYPES = YES;
				CLANG_WARN_SUSPICIOUS_MOVE = YES;
				CLANG_WARN_UNGUARDED_AVAILABILITY = YES_AGGRESSIVE;
				CLANG_WARN_UNREACHABLE_CODE = YES;
				CLANG_WARN__DUPLICATE_METHOD_MATCH = YES;
				COPY_PHASE_STRIP = NO;
				DEBUG_INFORMATION_FORMAT = "dwarf-with-dsym";
				ENABLE_NS_ASSERTIONS = NO;
				ENABLE_STRICT_OBJC_MSGSEND = YES;
				GCC_C_LANGUAGE_STANDARD = gnu11;
				GCC_NO_COMMON_BLOCKS = YES;
				GCC_WARN_64_TO_32_BIT_CONVERSION = YES;
				GCC_WARN_ABOUT_RETURN_TYPE = YES_ERROR;
				GCC_WARN_UNDECLARED_SELECTOR = YES;
				GCC_WARN_UNINITIALIZED_AUTOS = YES_AGGRESSIVE;
				GCC_WARN_UNUSED_FUNCTION = YES;
				GCC_WARN_UNUSED_VARIABLE = YES;
				IPHONEOS_DEPLOYMENT_TARGET = 15.0;
				MTL_ENABLE_DEBUG_INFO = NO;
				MTL_FAST_MATH = YES;
				SDKROOT = iphoneos;
				SWIFT_COMPILATION_MODE = wholemodule;
				SWIFT_OPTIMIZATION_LEVEL = "-O";
				VALIDATE_PRODUCT = YES;
			};
			name = Release;
		};
		5075D4F42796754C0056EC4B /* Debug */ = {
			isa = XCBuildConfiguration;
			buildSettings = {
				ASSETCATALOG_COMPILER_APPICON_NAME = AppIcon;
				ASSETCATALOG_COMPILER_GLOBAL_ACCENT_COLOR_NAME = AccentColor;
				CODE_SIGN_STYLE = Automatic;
				CURRENT_PROJECT_VERSION = 1;
				DEVELOPMENT_TEAM = TSTQSY2TJN;
				GENERATE_INFOPLIST_FILE = YES;
				INFOPLIST_FILE = MutipleCell/Info.plist;
				INFOPLIST_KEY_UIApplicationSupportsIndirectInputEvents = YES;
				INFOPLIST_KEY_UILaunchStoryboardName = LaunchScreen;
				INFOPLIST_KEY_UISupportedInterfaceOrientations_iPad = "UIInterfaceOrientationPortrait UIInterfaceOrientationPortraitUpsideDown UIInterfaceOrientationLandscapeLeft UIInterfaceOrientationLandscapeRight";
				INFOPLIST_KEY_UISupportedInterfaceOrientations_iPhone = "UIInterfaceOrientationPortrait UIInterfaceOrientationLandscapeLeft UIInterfaceOrientationLandscapeRight";
				LD_RUNPATH_SEARCH_PATHS = (
					"$(inherited)",
					"@executable_path/Frameworks",
				);
				MARKETING_VERSION = 1.0;
				PRODUCT_BUNDLE_IDENTIFIER = com.ohlulu.MutipleCell;
				PRODUCT_NAME = "$(TARGET_NAME)";
				SWIFT_EMIT_LOC_STRINGS = YES;
				SWIFT_VERSION = 5.0;
				TARGETED_DEVICE_FAMILY = "1,2";
			};
			name = Debug;
		};
		5075D4F52796754C0056EC4B /* Release */ = {
			isa = XCBuildConfiguration;
			buildSettings = {
				ASSETCATALOG_COMPILER_APPICON_NAME = AppIcon;
				ASSETCATALOG_COMPILER_GLOBAL_ACCENT_COLOR_NAME = AccentColor;
				CODE_SIGN_STYLE = Automatic;
				CURRENT_PROJECT_VERSION = 1;
				DEVELOPMENT_TEAM = TSTQSY2TJN;
				GENERATE_INFOPLIST_FILE = YES;
				INFOPLIST_FILE = MutipleCell/Info.plist;
				INFOPLIST_KEY_UIApplicationSupportsIndirectInputEvents = YES;
				INFOPLIST_KEY_UILaunchStoryboardName = LaunchScreen;
				INFOPLIST_KEY_UISupportedInterfaceOrientations_iPad = "UIInterfaceOrientationPortrait UIInterfaceOrientationPortraitUpsideDown UIInterfaceOrientationLandscapeLeft UIInterfaceOrientationLandscapeRight";
				INFOPLIST_KEY_UISupportedInterfaceOrientations_iPhone = "UIInterfaceOrientationPortrait UIInterfaceOrientationLandscapeLeft UIInterfaceOrientationLandscapeRight";
				LD_RUNPATH_SEARCH_PATHS = (
					"$(inherited)",
					"@executable_path/Frameworks",
				);
				MARKETING_VERSION = 1.0;
				PRODUCT_BUNDLE_IDENTIFIER = com.ohlulu.MutipleCell;
				PRODUCT_NAME = "$(TARGET_NAME)";
				SWIFT_EMIT_LOC_STRINGS = YES;
				SWIFT_VERSION = 5.0;
				TARGETED_DEVICE_FAMILY = "1,2";
			};
			name = Release;
		};
		5075D4F72796754C0056EC4B /* Debug */ = {
			isa = XCBuildConfiguration;
			buildSettings = {
				ALWAYS_EMBED_SWIFT_STANDARD_LIBRARIES = YES;
				BUNDLE_LOADER = "$(TEST_HOST)";
				CODE_SIGN_STYLE = Automatic;
				CURRENT_PROJECT_VERSION = 1;
				DEVELOPMENT_TEAM = TSTQSY2TJN;
				GENERATE_INFOPLIST_FILE = YES;
				IPHONEOS_DEPLOYMENT_TARGET = 15.0;
				LD_RUNPATH_SEARCH_PATHS = (
					"$(inherited)",
					"@executable_path/Frameworks",
					"@loader_path/Frameworks",
				);
				MARKETING_VERSION = 1.0;
				PRODUCT_BUNDLE_IDENTIFIER = com.ohlulu.MutipleCellTests;
				PRODUCT_NAME = "$(TARGET_NAME)";
				SWIFT_EMIT_LOC_STRINGS = NO;
				SWIFT_VERSION = 5.0;
				TARGETED_DEVICE_FAMILY = "1,2";
				TEST_HOST = "$(BUILT_PRODUCTS_DIR)/MutipleCell.app/MutipleCell";
			};
			name = Debug;
		};
		5075D4F82796754C0056EC4B /* Release */ = {
			isa = XCBuildConfiguration;
			buildSettings = {
				ALWAYS_EMBED_SWIFT_STANDARD_LIBRARIES = YES;
				BUNDLE_LOADER = "$(TEST_HOST)";
				CODE_SIGN_STYLE = Automatic;
				CURRENT_PROJECT_VERSION = 1;
				DEVELOPMENT_TEAM = TSTQSY2TJN;
				GENERATE_INFOPLIST_FILE = YES;
				IPHONEOS_DEPLOYMENT_TARGET = 15.0;
				LD_RUNPATH_SEARCH_PATHS = (
					"$(inherited)",
					"@executable_path/Frameworks",
					"@loader_path/Frameworks",
				);
				MARKETING_VERSION = 1.0;
				PRODUCT_BUNDLE_IDENTIFIER = com.ohlulu.MutipleCellTests;
				PRODUCT_NAME = "$(TARGET_NAME)";
				SWIFT_EMIT_LOC_STRINGS = NO;
				SWIFT_VERSION = 5.0;
				TARGETED_DEVICE_FAMILY = "1,2";
				TEST_HOST = "$(BUILT_PRODUCTS_DIR)/MutipleCell.app/MutipleCell";
			};
			name = Release;
		};
/* End XCBuildConfiguration section */

/* Begin XCConfigurationList section */
		5075D4C42796754A0056EC4B /* Build configuration list for PBXProject "MutipleCell" */ = {
			isa = XCConfigurationList;
			buildConfigurations = (
				5075D4F12796754C0056EC4B /* Debug */,
				5075D4F22796754C0056EC4B /* Release */,
			);
			defaultConfigurationIsVisible = 0;
			defaultConfigurationName = Release;
		};
		5075D4F32796754C0056EC4B /* Build configuration list for PBXNativeTarget "MutipleCell" */ = {
			isa = XCConfigurationList;
			buildConfigurations = (
				5075D4F42796754C0056EC4B /* Debug */,
				5075D4F52796754C0056EC4B /* Release */,
			);
			defaultConfigurationIsVisible = 0;
			defaultConfigurationName = Release;
		};
		5075D4F62796754C0056EC4B /* Build configuration list for PBXNativeTarget "MutipleCellTests" */ = {
			isa = XCConfigurationList;
			buildConfigurations = (
				5075D4F72796754C0056EC4B /* Debug */,
				5075D4F82796754C0056EC4B /* Release */,
			);
			defaultConfigurationIsVisible = 0;
			defaultConfigurationName = Release;
		};
/* End XCConfigurationList section */
	};
	rootObject = 5075D4C12796754A0056EC4B /* Project object */;
}
